
Microsoft Visual Studio Solution File, Format Version 12.00
# Visual Studio Version 17
VisualStudioVersion = 17.4.33205.214
MinimumVisualStudioVersion = 10.0.40219.1
Project("{FAE04EC0-301F-11D3-BF4B-00C04F79EFBC}") = "ModelTrainingApp", "ModelTrainingApp\ModelTrainingApp.csproj", "{458F4005-673B-4917-BAC2-BD68366A9875}"
EndProject
Global
	GlobalSection(SolutionConfigurationPlatforms) = preSolution
		Debug|Any CPU = Debug|Any CPU
		Release|Any CPU = Release|Any CPU
	EndGlobalSection
	GlobalSection(ProjectConfigurationPlatforms) = postSolution
		{458F4005-673B-4917-BAC2-BD68366A9875}.Debug|Any CPU.ActiveCfg = Debug|Any CPU
		{458F4005-673B-4917-BAC2-BD68366A9875}.Debug|Any CPU.Build.0 = Debug|Any CPU
		{458F4005-673B-4917-BAC2-BD68366A9875}.Release|Any CPU.ActiveCfg = Release|Any CPU
		{458F4005-673B-4917-BAC2-BD68366A9875}.Release|Any CPU.Build.0 = Release|Any CPU
	EndGlobalSection
	GlobalSection(SolutionProperties) = preSolution
		HideSolutionNode = FALSE
	EndGlobalSection
	GlobalSection(ExtensibilityGlobals) = postSolution
		SolutionGuid = {59D9CA31-16D3-4A89-B5E5-284C7FDB7CB8}
	EndGlobalSection
EndGlobal
